# THIS IS AN AUTOGENERATED FILE. DO NOT EDIT THIS FILE DIRECTLY.
# yarn lockfile v1


"@types/node@^14":
  version "14.17.15"
  resolved "https://registry.yarnpkg.com/@types/node/-/node-14.17.15.tgz#d5ebfb62a69074ebb85cbe0529ad917bb8f2bae8"
  integrity sha512-D1sdW0EcSCmNdLKBGMYb38YsHUS6JcM7yQ6sLQ9KuZ35ck7LYCKE7kYFHOO59ayFOY3zobWVZxf4KXhYHcHYFA==

blakets@^0.1.8:
  version "0.1.8"
  resolved "https://registry.yarnpkg.com/blakets/-/blakets-0.1.8.tgz#bb366bd3a7c7da1a974d92ef06bfc6811e7151dc"
  integrity sha512-9MQp+sHqHl+Dn/VEYnTg3hXhuww+ljO7l588a6FNKrty63N4us0tJW7wXgpNHuNkH3IbVHZ9DL7Fd3Z3hNt2Tw==
